lockfileVersion: '9.0'

settings:
  autoInstallPeers: true
  excludeLinksFromLockfile: false

importers:

  .:
    dependencies:
      '@tanstack/react-query':
        specifier: ^5.90.4
        version: 5.90.4(react@19.2.0)

packages:

  '@tanstack/query-core@5.90.4':
    resolution: {integrity: sha512-+IbzYym9wonJss2+ZXrQqdGhPozHV8BzgZRRHxkLtL2Oq+/wAuwkLMKXk6NbAbbj+Ipgd/kMjUenjGWfwKYDwA==}

  '@tanstack/react-query@5.90.4':
    resolution: {integrity: sha512-0XU3puEd6J/EFVc/myHKDyp5s0NpEP4xa8k1t4rXPxg/rDIM9EdSDfNdukwgPxxnAjzaMunF1Bhx4I4MaJdWVA==}
    peerDependencies:
      react: ^18 || ^19

  react@19.2.0:
    resolution: {integrity: sha512-tmbWg6W31tQLeB5cdIBOicJDJRR2KzXsV7uSK9iNfLWQ5bIZfxuPEHp7M8wiHyHnn0DD1i7w3Zmin0FtkrwoCQ==}
    engines: {node: '>=0.10.0'}

snapshots:

  '@tanstack/query-core@5.90.4': {}

  '@tanstack/react-query@5.90.4(react@19.2.0)':
    dependencies:
      '@tanstack/query-core': 5.90.4
      react: 19.2.0

  react@19.2.0: {}
